
Microsoft Visual Studio Solution File, Format Version 12.00
# Visual Studio Version 16
VisualStudioVersion = 16.0.31613.86
MinimumVisualStudioVersion = 10.0.40219.1
Project("{FAE04EC0-301F-11D3-BF4B-00C04F79EFBC}") = "Encoder_Splitter", "Encoder_Splitter.csproj", "{7103A620-2D5E-4BCB-A5B8-0A35838F4E5A}"
EndProject
Project("{C7167F0D-BC9F-4E6E-AFE1-012C56B48DB5}") = "ProjPackage", "ProjPackage\ProjPackage.wapproj", "{B3AC5153-AA34-4C2C-80B8-1B5AAE56593B}"
EndProject
Global
	GlobalSection(SolutionConfigurationPlatforms) = preSolution
		Debug|Any CPU = Debug|Any CPU
		Debug|ARM = Debug|ARM
		Debug|ARM64 = Debug|ARM64
		Debug|x64 = Debug|x64
		Debug|x86 = Debug|x86
		Release|Any CPU = Release|Any CPU
		Release|ARM = Release|ARM
		Release|ARM64 = Release|ARM64
		Release|x64 = Release|x64
		Release|x86 = Release|x86
	EndGlobalSection
	GlobalSection(ProjectConfigurationPlatforms) = postSolution
		{7103A620-2D5E-4BCB-A5B8-0A35838F4E5A}.Debug|Any CPU.ActiveCfg = Debug|Any CPU
		{7103A620-2D5E-4BCB-A5B8-0A35838F4E5A}.Debug|Any CPU.Build.0 = Debug|Any CPU
		{7103A620-2D5E-4BCB-A5B8-0A35838F4E5A}.Debug|ARM.ActiveCfg = Debug|Any CPU
		{7103A620-2D5E-4BCB-A5B8-0A35838F4E5A}.Debug|ARM.Build.0 = Debug|Any CPU
		{7103A620-2D5E-4BCB-A5B8-0A35838F4E5A}.Debug|ARM64.ActiveCfg = Debug|Any CPU
		{7103A620-2D5E-4BCB-A5B8-0A35838F4E5A}.Debug|ARM64.Build.0 = Debug|Any CPU
		{7103A620-2D5E-4BCB-A5B8-0A35838F4E5A}.Debug|x64.ActiveCfg = Debug|Any CPU
		{7103A620-2D5E-4BCB-A5B8-0A35838F4E5A}.Debug|x64.Build.0 = Debug|Any CPU
		{7103A620-2D5E-4BCB-A5B8-0A35838F4E5A}.Debug|x86.ActiveCfg = Debug|Any CPU
		{7103A620-2D5E-4BCB-A5B8-0A35838F4E5A}.Debug|x86.Build.0 = Debug|Any CPU
		{7103A620-2D5E-4BCB-A5B8-0A35838F4E5A}.Release|Any CPU.ActiveCfg = Release|Any CPU
		{7103A620-2D5E-4BCB-A5B8-0A35838F4E5A}.Release|Any CPU.Build.0 = Release|Any CPU
		{7103A620-2D5E-4BCB-A5B8-0A35838F4E5A}.Release|ARM.ActiveCfg = Release|Any CPU
		{7103A620-2D5E-4BCB-A5B8-0A35838F4E5A}.Release|ARM.Build.0 = Release|Any CPU
		{7103A620-2D5E-4BCB-A5B8-0A35838F4E5A}.Release|ARM64.ActiveCfg = Release|Any CPU
		{7103A620-2D5E-4BCB-A5B8-0A35838F4E5A}.Release|ARM64.Build.0 = Release|Any CPU
		{7103A620-2D5E-4BCB-A5B8-0A35838F4E5A}.Release|x64.ActiveCfg = Release|Any CPU
		{7103A620-2D5E-4BCB-A5B8-0A35838F4E5A}.Release|x64.Build.0 = Release|Any CPU
		{7103A620-2D5E-4BCB-A5B8-0A35838F4E5A}.Release|x86.ActiveCfg = Release|Any CPU
		{7103A620-2D5E-4BCB-A5B8-0A35838F4E5A}.Release|x86.Build.0 = Release|Any CPU
		{B3AC5153-AA34-4C2C-80B8-1B5AAE56593B}.Debug|Any CPU.ActiveCfg = Debug|Any CPU
		{B3AC5153-AA34-4C2C-80B8-1B5AAE56593B}.Debug|Any CPU.Build.0 = Debug|Any CPU
		{B3AC5153-AA34-4C2C-80B8-1B5AAE56593B}.Debug|Any CPU.Deploy.0 = Debug|Any CPU
		{B3AC5153-AA34-4C2C-80B8-1B5AAE56593B}.Debug|ARM.ActiveCfg = Debug|ARM
		{B3AC5153-AA34-4C2C-80B8-1B5AAE56593B}.Debug|ARM.Build.0 = Debug|ARM
		{B3AC5153-AA34-4C2C-80B8-1B5AAE56593B}.Debug|ARM.Deploy.0 = Debug|ARM
		{B3AC5153-AA34-4C2C-80B8-1B5AAE56593B}.Debug|ARM64.ActiveCfg = Debug|ARM64
		{B3AC5153-AA34-4C2C-80B8-1B5AAE56593B}.Debug|ARM64.Build.0 = Debug|ARM64
		{B3AC5153-AA34-4C2C-80B8-1B5AAE56593B}.Debug|ARM64.Deploy.0 = Debug|ARM64
		{B3AC5153-AA34-4C2C-80B8-1B5AAE56593B}.Debug|x64.ActiveCfg = Debug|x64
		{B3AC5153-AA34-4C2C-80B8-1B5AAE56593B}.Debug|x64.Build.0 = Debug|x64
		{B3AC5153-AA34-4C2C-80B8-1B5AAE56593B}.Debug|x64.Deploy.0 = Debug|x64
		{B3AC5153-AA34-4C2C-80B8-1B5AAE56593B}.Debug|x86.ActiveCfg = Debug|x86
		{B3AC5153-AA34-4C2C-80B8-1B5AAE56593B}.Debug|x86.Build.0 = Debug|x86
		{B3AC5153-AA34-4C2C-80B8-1B5AAE56593B}.Debug|x86.Deploy.0 = Debug|x86
		{B3AC5153-AA34-4C2C-80B8-1B5AAE56593B}.Release|Any CPU.ActiveCfg = Release|Any CPU
		{B3AC5153-AA34-4C2C-80B8-1B5AAE56593B}.Release|Any CPU.Build.0 = Release|Any CPU
		{B3AC5153-AA34-4C2C-80B8-1B5AAE56593B}.Release|Any CPU.Deploy.0 = Release|Any CPU
		{B3AC5153-AA34-4C2C-80B8-1B5AAE56593B}.Release|ARM.ActiveCfg = Release|ARM
		{B3AC5153-AA34-4C2C-80B8-1B5AAE56593B}.Release|ARM.Build.0 = Release|ARM
		{B3AC5153-AA34-4C2C-80B8-1B5AAE56593B}.Release|ARM.Deploy.0 = Release|ARM
		{B3AC5153-AA34-4C2C-80B8-1B5AAE56593B}.Release|ARM64.ActiveCfg = Release|ARM64
		{B3AC5153-AA34-4C2C-80B8-1B5AAE56593B}.Release|ARM64.Build.0 = Release|ARM64
		{B3AC5153-AA34-4C2C-80B8-1B5AAE56593B}.Release|ARM64.Deploy.0 = Release|ARM64
		{B3AC5153-AA34-4C2C-80B8-1B5AAE56593B}.Release|x64.ActiveCfg = Release|x64
		{B3AC5153-AA34-4C2C-80B8-1B5AAE56593B}.Release|x64.Build.0 = Release|x64
		{B3AC5153-AA34-4C2C-80B8-1B5AAE56593B}.Release|x64.Deploy.0 = Release|x64
		{B3AC5153-AA34-4C2C-80B8-1B5AAE56593B}.Release|x86.ActiveCfg = Release|x86
		{B3AC5153-AA34-4C2C-80B8-1B5AAE56593B}.Release|x86.Build.0 = Release|x86
		{B3AC5153-AA34-4C2C-80B8-1B5AAE56593B}.Release|x86.Deploy.0 = Release|x86
	EndGlobalSection
	GlobalSection(SolutionProperties) = preSolution
		HideSolutionNode = FALSE
	EndGlobalSection
	GlobalSection(ExtensibilityGlobals) = postSolution
		SolutionGuid = {B0B0FA50-3749-4138-83A6-4BC40C936C08}
	EndGlobalSection
EndGlobal
